{
  "version": 1,
  "project_id": "4111b21ef6e74c1db25ba9bf7f781bee",
  "codepoint_start": "U+10015A",
  "entries": [
    {
      "source_file": "dino1--pgf-407bdfcf-f000001.png#compose:1x2:0:0",
      "codepoint": "U+10015A",
      "image_fingerprint": "fnv1a64:01ae6c75e6ff1ad4",
      "active": true
    },
    {
      "source_file": "dino1--pgf-407bdfcf-f000001.png#compose:1x2:0:1",
      "codepoint": "U+10015B",
      "image_fingerprint": "fnv1a64:20a9337ef1ee64f5",
      "active": true
    },
    {
      "source_file": "dino1--pgf-407bdfcf-f000002.png#compose:1x2:0:0",
      "codepoint": "U+10015C",
      "image_fingerprint": "fnv1a64:c1aed39eb8b52185",
      "active": true
    },
    {
      "source_file": "dino1--pgf-407bdfcf-f000002.png#compose:1x2:0:1",
      "codepoint": "U+10015D",
      "image_fingerprint": "fnv1a64:a2b40c95adc5d764",
      "active": true
    },
    {
      "source_file": "dino1--pgf-407bdfcf-f000003.png#compose:1x2:0:0",
      "codepoint": "U+10015E",
      "image_fingerprint": "fnv1a64:3cc204fd1a310902",
      "active": true
    },
    {
      "source_file": "dino1--pgf-407bdfcf-f000003.png#compose:1x2:0:1",
      "codepoint": "U+10015F",
      "image_fingerprint": "fnv1a64:5bbccc0625205323",
      "active": true
    },
    {
      "source_file": "dino1--pgf-407bdfcf-f000004.png#compose:1x2:0:0",
      "codepoint": "U+100160",
      "image_fingerprint": "fnv1a64:d20466f326f82cf5",
      "active": true
    },
    {
      "source_file": "dino1--pgf-407bdfcf-f000004.png#compose:1x2:0:1",
      "codepoint": "U+100161",
      "image_fingerprint": "fnv1a64:b3099fea1c08e2d4",
      "active": true
    }
  ]
}